// !$*UTF8*$!
{
	archiveVersion = 1;
	classes = {
	};
	objectVersion = 46;
	objects = {

/* Begin PBXBuildFile section */
		3D36716B1FF24D87004B98BB /* Post.swift in Sources */ = {isa = PBXBuildFile; fileRef = 3D36716A1FF24D87004B98BB /* Post.swift */; };
		3D4707351FD8D63000DF4373 /* NewPostController.swift in Sources */ = {isa = PBXBuildFile; fileRef = 3D4707341FD8D63000DF4373 /* NewPostController.swift */; };
		3D539AAA1FF35813006082EB /* Extensions.swift in Sources */ = {isa = PBXBuildFile; fileRef = 3D539AA91FF35813006082EB /* Extensions.swift */; };
		3D6A18901FD39B1700E71B9F /* AppDelegate.swift in Sources */ = {isa = PBXBuildFile; fileRef = 3D6A188F1FD39B1700E71B9F /* AppDelegate.swift */; };
		3D6A18921FD39B1700E71B9F /* PostsController.swift in Sources */ = {isa = PBXBuildFile; fileRef = 3D6A18911FD39B1700E71B9F /* PostsController.swift */; };
		3D6A18951FD39B1700E71B9F /* Main.storyboard in Resources */ = {isa = PBXBuildFile; fileRef = 3D6A18931FD39B1700E71B9F /* Main.storyboard */; };
		3D6A18971FD39B1700E71B9F /* Assets.xcassets in Resources */ = {isa = PBXBuildFile; fileRef = 3D6A18961FD39B1700E71B9F /* Assets.xcassets */; };
		3D6A189A1FD39B1700E71B9F /* LaunchScreen.storyboard in Resources */ = {isa = PBXBuildFile; fileRef = 3D6A18981FD39B1700E71B9F /* LaunchScreen.storyboard */; };
		3D6A18A51FD39B1700E71B9F /* EdSocialSCTests.swift in Sources */ = {isa = PBXBuildFile; fileRef = 3D6A18A41FD39B1700E71B9F /* EdSocialSCTests.swift */; };
		3D6A18B01FD39B1700E71B9F /* EdSocialSCUITests.swift in Sources */ = {isa = PBXBuildFile; fileRef = 3D6A18AF1FD39B1700E71B9F /* EdSocialSCUITests.swift */; };
		3D6A18BF1FD4CB6C00E71B9F /* LoginController.swift in Sources */ = {isa = PBXBuildFile; fileRef = 3D6A18BE1FD4CB6C00E71B9F /* LoginController.swift */; };
		3D6A18C31FD633A900E71B9F /* GoogleService-Info.plist in Resources */ = {isa = PBXBuildFile; fileRef = 3D6A18C21FD633A900E71B9F /* GoogleService-Info.plist */; };
		3D8C993A1FE8BBCB00423F12 /* LoginControllers+handlers.swift in Sources */ = {isa = PBXBuildFile; fileRef = 3D8C99391FE8BBCB00423F12 /* LoginControllers+handlers.swift */; };
		3DA492E51FD8FA1A00512AD1 /* EndUser.swift in Sources */ = {isa = PBXBuildFile; fileRef = 3DA492E41FD8FA1A00512AD1 /* EndUser.swift */; };
		9022FC44B20AF1170F300586 /* Pods_EdSocialSCTests.framework in Frameworks */ = {isa = PBXBuildFile; fileRef = 5E7D94A78606817519B259C9 /* Pods_EdSocialSCTests.framework */; };
		92B02AD92C818DCC7E8C29A0 /* Pods_EdSocialSCUITests.framework in Frameworks */ = {isa = PBXBuildFile; fileRef = C5E8F0AE33A43D9C266A8AC2 /* Pods_EdSocialSCUITests.framework */; };
		E3B350E7081378DF505CBEC3 /* Pods_EdSocialSC.framework in Frameworks */ = {isa = PBXBuildFile; fileRef = 20BF12FC16355324CBFD7EDE /* Pods_EdSocialSC.framework */; };
/* End PBXBuildFile section */

/* Begin PBXContainerItemProxy section */
		3D6A18A11FD39B1700E71B9F /* PBXContainerItemProxy */ = {
			isa = PBXContainerItemProxy;
			containerPortal = 3D6A18841FD39B1700E71B9F /* Project object */;
			proxyType = 1;
			remoteGlobalIDString = 3D6A188B1FD39B1700E71B9F;
			remoteInfo = EdSocialSC;
		};
		3D6A18AC1FD39B1700E71B9F /* PBXContainerItemProxy */ = {
			isa = PBXContainerItemProxy;
			containerPortal = 3D6A18841FD39B1700E71B9F /* Project object */;
			proxyType = 1;
			remoteGlobalIDString = 3D6A188B1FD39B1700E71B9F;
			remoteInfo = EdSocialSC;
		};
/* End PBXContainerItemProxy section */

/* Begin PBXFileReference section */
		02A4F69A829119C3AB592D26 /* Pods-EdSocialSCUITests.release.xcconfig */ = {isa = PBXFileReference; includeInIndex = 1; lastKnownFileType = text.xcconfig; name = "Pods-EdSocialSCUITests.release.xcconfig"; path = "Pods/Target Support Files/Pods-EdSocialSCUITests/Pods-EdSocialSCUITests.release.xcconfig"; sourceTree = "<group>"; };
		20BF12FC16355324CBFD7EDE /* Pods_EdSocialSC.framework */ = {isa = PBXFileReference; explicitFileType = wrapper.framework; includeInIndex = 0; path = Pods_EdSocialSC.framework; sourceTree = BUILT_PRODUCTS_DIR; };
		37BDA71393265050FFB6CCAA /* Pods-EdSocialSCUITests.debug.xcconfig */ = {isa = PBXFileReference; includeInIndex = 1; lastKnownFileType = text.xcconfig; name = "Pods-EdSocialSCUITests.debug.xcconfig"; path = "Pods/Target Support Files/Pods-EdSocialSCUITests/Pods-EdSocialSCUITests.debug.xcconfig"; sourceTree = "<group>"; };
		3D36716A1FF24D87004B98BB /* Post.swift */ = {isa = PBXFileReference; fileEncoding = 4; lastKnownFileType = sourcecode.swift; path = Post.swift; sourceTree = "<group>"; };
		3D4707341FD8D63000DF4373 /* NewPostController.swift */ = {isa = PBXFileReference; fileEncoding = 4; lastKnownFileType = sourcecode.swift; path = NewPostController.swift; sourceTree = "<group>"; };
		3D539AA91FF35813006082EB /* Extensions.swift */ = {isa = PBXFileReference; fileEncoding = 4; lastKnownFileType = sourcecode.swift; path = Extensions.swift; sourceTree = "<group>"; };
		3D6A188C1FD39B1700E71B9F /* EdSocialSC.app */ = {isa = PBXFileReference; explicitFileType = wrapper.application; includeInIndex = 0; path = EdSocialSC.app; sourceTree = BUILT_PRODUCTS_DIR; };
		3D6A188F1FD39B1700E71B9F /* AppDelegate.swift */ = {isa = PBXFileReference; lastKnownFileType = sourcecode.swift; path = AppDelegate.swift; sourceTree = "<group>"; };
		3D6A18911FD39B1700E71B9F /* PostsController.swift */ = {isa = PBXFileReference; lastKnownFileType = sourcecode.swift; path = PostsController.swift; sourceTree = "<group>"; };
		3D6A18941FD39B1700E71B9F /* Base */ = {isa = PBXFileReference; lastKnownFileType = file.storyboard; name = Base; path = Base.lproj/Main.storyboard; sourceTree = "<group>"; };
		3D6A18961FD39B1700E71B9F /* Assets.xcassets */ = {isa = PBXFileReference; lastKnownFileType = folder.assetcatalog; path = Assets.xcassets; sourceTree = "<group>"; };
		3D6A18991FD39B1700E71B9F /* Base */ = {isa = PBXFileReference; lastKnownFileType = file.storyboard; name = Base; path = Base.lproj/LaunchScreen.storyboard; sourceTree = "<group>"; };
		3D6A189B1FD39B1700E71B9F /* Info.plist */ = {isa = PBXFileReference; lastKnownFileType = text.plist.xml; path = Info.plist; sourceTree = "<group>"; };
		3D6A18A01FD39B1700E71B9F /* EdSocialSCTests.xctest */ = {isa = PBXFileReference; explicitFileType = wrapper.cfbundle; includeInIndex = 0; path = EdSocialSCTests.xctest; sourceTree = BUILT_PRODUCTS_DIR; };
		3D6A18A41FD39B1700E71B9F /* EdSocialSCTests.swift */ = {isa = PBXFileReference; lastKnownFileType = sourcecode.swift; path = EdSocialSCTests.swift; sourceTree = "<group>"; };
		3D6A18A61FD39B1700E71B9F /* Info.plist */ = {isa = PBXFileReference; lastKnownFileType = text.plist.xml; path = Info.plist; sourceTree = "<group>"; };
		3D6A18AB1FD39B1700E71B9F /* EdSocialSCUITests.xctest */ = {isa = PBXFileReference; explicitFileType = wrapper.cfbundle; includeInIndex = 0; path = EdSocialSCUITests.xctest; sourceTree = BUILT_PRODUCTS_DIR; };
		3D6A18AF1FD39B1700E71B9F /* EdSocialSCUITests.swift */ = {isa = PBXFileReference; lastKnownFileType = sourcecode.swift; path = EdSocialSCUITests.swift; sourceTree = "<group>"; };
		3D6A18B11FD39B1700E71B9F /* Info.plist */ = {isa = PBXFileReference; lastKnownFileType = text.plist.xml; path = Info.plist; sourceTree = "<group>"; };
		3D6A18BE1FD4CB6C00E71B9F /* LoginController.swift */ = {isa = PBXFileReference; fileEncoding = 4; lastKnownFileType = sourcecode.swift; path = LoginController.swift; sourceTree = "<group>"; };
		3D6A18C21FD633A900E71B9F /* GoogleService-Info.plist */ = {isa = PBXFileReference; fileEncoding = 4; lastKnownFileType = text.plist.xml; path = "GoogleService-Info.plist"; sourceTree = "<group>"; };
		3D8C99391FE8BBCB00423F12 /* LoginControllers+handlers.swift */ = {isa = PBXFileReference; fileEncoding = 4; lastKnownFileType = sourcecode.swift; path = "LoginControllers+handlers.swift"; sourceTree = "<group>"; };
		3DA492E41FD8FA1A00512AD1 /* EndUser.swift */ = {isa = PBXFileReference; fileEncoding = 4; lastKnownFileType = sourcecode.swift; path = EndUser.swift; sourceTree = "<group>"; };
		3FE184D27CEADDF0353FC136 /* Pods-EdSocialSC.release.xcconfig */ = {isa = PBXFileReference; includeInIndex = 1; lastKnownFileType = text.xcconfig; name = "Pods-EdSocialSC.release.xcconfig"; path = "Pods/Target Support Files/Pods-EdSocialSC/Pods-EdSocialSC.release.xcconfig"; sourceTree = "<group>"; };
		5E7D94A78606817519B259C9 /* Pods_EdSocialSCTests.framework */ = {isa = PBXFileReference; explicitFileType = wrapper.framework; includeInIndex = 0; path = Pods_EdSocialSCTests.framework; sourceTree = BUILT_PRODUCTS_DIR; };
		7E0DBD739311505D6B96FFC7 /* Pods-EdSocialSCTests.release.xcconfig */ = {isa = PBXFileReference; includeInIndex = 1; lastKnownFileType = text.xcconfig; name = "Pods-EdSocialSCTests.release.xcconfig"; path = "Pods/Target Support Files/Pods-EdSocialSCTests/Pods-EdSocialSCTests.release.xcconfig"; sourceTree = "<group>"; };
		BCA56602255DA3C9C237DB94 /* Pods-EdSocialSC.debug.xcconfig */ = {isa = PBXFileReference; includeInIndex = 1; lastKnownFileType = text.xcconfig; name = "Pods-EdSocialSC.debug.xcconfig"; path = "Pods/Target Support Files/Pods-EdSocialSC/Pods-EdSocialSC.debug.xcconfig"; sourceTree = "<group>"; };
		BEC2F1DA8D4E4B9D9D3652A2 /* Pods-EdSocialSCTests.debug.xcconfig */ = {isa = PBXFileReference; includeInIndex = 1; lastKnownFileType = text.xcconfig; name = "Pods-EdSocialSCTests.debug.xcconfig"; path = "Pods/Target Support Files/Pods-EdSocialSCTests/Pods-EdSocialSCTests.debug.xcconfig"; sourceTree = "<group>"; };
		C5E8F0AE33A43D9C266A8AC2 /* Pods_EdSocialSCUITests.framework */ = {isa = PBXFileReference; explicitFileType = wrapper.framework; includeInIndex = 0; path = Pods_EdSocialSCUITests.framework; sourceTree = BUILT_PRODUCTS_DIR; };
/* End PBXFileReference section */

/* Begin PBXFrameworksBuildPhase section */
		3D6A18891FD39B1700E71B9F /* Frameworks */ = {
			isa = PBXFrameworksBuildPhase;
			buildActionMask = 2147483647;
			files = (
				E3B350E7081378DF505CBEC3 /* Pods_EdSocialSC.framework in Frameworks */,
			);
			runOnlyForDeploymentPostprocessing = 0;
		};
		3D6A189D1FD39B1700E71B9F /* Frameworks */ = {
			isa = PBXFrameworksBuildPhase;
			buildActionMask = 2147483647;
			files = (
				9022FC44B20AF1170F300586 /* Pods_EdSocialSCTests.framework in Frameworks */,
			);
			runOnlyForDeploymentPostprocessing = 0;
		};
		3D6A18A81FD39B1700E71B9F /* Frameworks */ = {
			isa = PBXFrameworksBuildPhase;
			buildActionMask = 2147483647;
			files = (
				92B02AD92C818DCC7E8C29A0 /* Pods_EdSocialSCUITests.framework in Frameworks */,
			);
			runOnlyForDeploymentPostprocessing = 0;
		};
/* End PBXFrameworksBuildPhase section */

/* Begin PBXGroup section */
		3D539AA81FF357F5006082EB /* Helpers */ = {
			isa = PBXGroup;
			children = (
				3D539AA91FF35813006082EB /* Extensions.swift */,
			);
			name = Helpers;
			sourceTree = "<group>";
		};
		3D6A18831FD39B1700E71B9F = {
			isa = PBXGroup;
			children = (
				3D6A188E1FD39B1700E71B9F /* EdSocialSC */,
				3D6A18A31FD39B1700E71B9F /* EdSocialSCTests */,
				3D6A18AE1FD39B1700E71B9F /* EdSocialSCUITests */,
				3D6A188D1FD39B1700E71B9F /* Products */,
				4AC845E3649D662F5EAF62BC /* Pods */,
				8057C6705962D84EC9AD1961 /* Frameworks */,
			);
			sourceTree = "<group>";
		};
		3D6A188D1FD39B1700E71B9F /* Products */ = {
			isa = PBXGroup;
			children = (
				3D6A188C1FD39B1700E71B9F /* EdSocialSC.app */,
				3D6A18A01FD39B1700E71B9F /* EdSocialSCTests.xctest */,
				3D6A18AB1FD39B1700E71B9F /* EdSocialSCUITests.xctest */,
			);
			name = Products;
			sourceTree = "<group>";
		};
		3D6A188E1FD39B1700E71B9F /* EdSocialSC */ = {
			isa = PBXGroup;
			children = (
				3D539AA81FF357F5006082EB /* Helpers */,
				3DA492E31FD8F9FB00512AD1 /* Models */,
				3D6A18BD1FD4CAEA00E71B9F /* Controllers */,
				3D6A188F1FD39B1700E71B9F /* AppDelegate.swift */,
				3D6A18931FD39B1700E71B9F /* Main.storyboard */,
				3D6A18961FD39B1700E71B9F /* Assets.xcassets */,
				3D6A18981FD39B1700E71B9F /* LaunchScreen.storyboard */,
				3D6A18C21FD633A900E71B9F /* GoogleService-Info.plist */,
				3D6A189B1FD39B1700E71B9F /* Info.plist */,
			);
			path = EdSocialSC;
			sourceTree = "<group>";
		};
		3D6A18A31FD39B1700E71B9F /* EdSocialSCTests */ = {
			isa = PBXGroup;
			children = (
				3D6A18A41FD39B1700E71B9F /* EdSocialSCTests.swift */,
				3D6A18A61FD39B1700E71B9F /* Info.plist */,
			);
			path = EdSocialSCTests;
			sourceTree = "<group>";
		};
		3D6A18AE1FD39B1700E71B9F /* EdSocialSCUITests */ = {
			isa = PBXGroup;
			children = (
				3D6A18AF1FD39B1700E71B9F /* EdSocialSCUITests.swift */,
				3D6A18B11FD39B1700E71B9F /* Info.plist */,
			);
			path = EdSocialSCUITests;
			sourceTree = "<group>";
		};
		3D6A18BD1FD4CAEA00E71B9F /* Controllers */ = {
			isa = PBXGroup;
			children = (
				3D6A18BE1FD4CB6C00E71B9F /* LoginController.swift */,
				3D6A18911FD39B1700E71B9F /* PostsController.swift */,
				3D4707341FD8D63000DF4373 /* NewPostController.swift */,
				3D8C99391FE8BBCB00423F12 /* LoginControllers+handlers.swift */,
			);
			name = Controllers;
			sourceTree = "<group>";
		};
		3DA492E31FD8F9FB00512AD1 /* Models */ = {
			isa = PBXGroup;
			children = (
				3DA492E41FD8FA1A00512AD1 /* EndUser.swift */,
				3D36716A1FF24D87004B98BB /* Post.swift */,
			);
			name = Models;
			sourceTree = "<group>";
		};
		4AC845E3649D662F5EAF62BC /* Pods */ = {
			isa = PBXGroup;
			children = (
				BCA56602255DA3C9C237DB94 /* Pods-EdSocialSC.debug.xcconfig */,
				3FE184D27CEADDF0353FC136 /* Pods-EdSocialSC.release.xcconfig */,
				BEC2F1DA8D4E4B9D9D3652A2 /* Pods-EdSocialSCTests.debug.xcconfig */,
				7E0DBD739311505D6B96FFC7 /* Pods-EdSocialSCTests.release.xcconfig */,
				37BDA71393265050FFB6CCAA /* Pods-EdSocialSCUITests.debug.xcconfig */,
				02A4F69A829119C3AB592D26 /* Pods-EdSocialSCUITests.release.xcconfig */,
			);
			name = Pods;
			sourceTree = "<group>";
		};
		8057C6705962D84EC9AD1961 /* Frameworks */ = {
			isa = PBXGroup;
			children = (
				20BF12FC16355324CBFD7EDE /* Pods_EdSocialSC.framework */,
				5E7D94A78606817519B259C9 /* Pods_EdSocialSCTests.framework */,
				C5E8F0AE33A43D9C266A8AC2 /* Pods_EdSocialSCUITests.framework */,
			);
			name = Frameworks;
			sourceTree = "<group>";
		};
/* End PBXGroup section */

/* Begin PBXNativeTarget section */
		3D6A188B1FD39B1700E71B9F /* EdSocialSC */ = {
			isa = PBXNativeTarget;
			buildConfigurationList = 3D6A18B41FD39B1700E71B9F /* Build configuration list for PBXNativeTarget "EdSocialSC" */;
			buildPhases = (
				ADDDDC3F19E424E7C7FA3EC8 /* [CP] Check Pods Manifest.lock */,
				3D6A18881FD39B1700E71B9F /* Sources */,
				3D6A18891FD39B1700E71B9F /* Frameworks */,
				3D6A188A1FD39B1700E71B9F /* Resources */,
				4E604FC98DF9F9703C9FF1ED /* [CP] Embed Pods Frameworks */,
				9AC2BB9DF309C332CF2B9561 /* [CP] Copy Pods Resources */,
			);
			buildRules = (
			);
			dependencies = (
			);
			name = EdSocialSC;
			productName = EdSocialSC;
			productReference = 3D6A188C1FD39B1700E71B9F /* EdSocialSC.app */;
			productType = "com.apple.product-type.application";
		};
		3D6A189F1FD39B1700E71B9F /* EdSocialSCTests */ = {
			isa = PBXNativeTarget;
			buildConfigurationList = 3D6A18B71FD39B1700E71B9F /* Build configuration list for PBXNativeTarget "EdSocialSCTests" */;
			buildPhases = (
				5F748B30A4CB45138E7834B1 /* [CP] Check Pods Manifest.lock */,
				3D6A189C1FD39B1700E71B9F /* Sources */,
				3D6A189D1FD39B1700E71B9F /* Frameworks */,
				3D6A189E1FD39B1700E71B9F /* Resources */,
				8E240381517C9F028E38E61D /* [CP] Embed Pods Frameworks */,
				BE17702354D659030A46CAC8 /* [CP] Copy Pods Resources */,
			);
			buildRules = (
			);
			dependencies = (
				3D6A18A21FD39B1700E71B9F /* PBXTargetDependency */,
			);
			name = EdSocialSCTests;
			productName = EdSocialSCTests;
			productReference = 3D6A18A01FD39B1700E71B9F /* EdSocialSCTests.xctest */;
			productType = "com.apple.product-type.bundle.unit-test";
		};
		3D6A18AA1FD39B1700E71B9F /* EdSocialSCUITests */ = {
			isa = PBXNativeTarget;
			buildConfigurationList = 3D6A18BA1FD39B1700E71B9F /* Build configuration list for PBXNativeTarget "EdSocialSCUITests" */;
			buildPhases = (
				B5DF2359873E12A01E7A0D40 /* [CP] Check Pods Manifest.lock */,
				3D6A18A71FD39B1700E71B9F /* Sources */,
				3D6A18A81FD39B1700E71B9F /* Frameworks */,
				3D6A18A91FD39B1700E71B9F /* Resources */,
				C865EB5B45B3C99EC2639CBF /* [CP] Embed Pods Frameworks */,
				48ED61D8F19F71A94BBF2332 /* [CP] Copy Pods Resources */,
			);
			buildRules = (
			);
			dependencies = (
				3D6A18AD1FD39B1700E71B9F /* PBXTargetDependency */,
			);
			name = EdSocialSCUITests;
			productName = EdSocialSCUITests;
			productReference = 3D6A18AB1FD39B1700E71B9F /* EdSocialSCUITests.xctest */;
			productType = "com.apple.product-type.bundle.ui-testing";
		};
/* End PBXNativeTarget section */

/* Begin PBXProject section */
		3D6A18841FD39B1700E71B9F /* Project object */ = {
			isa = PBXProject;
			attributes = {
				LastSwiftUpdateCheck = 0820;
				LastUpgradeCheck = 0820;
				ORGANIZATIONNAME = "Relativity Labs";
				TargetAttributes = {
					3D6A188B1FD39B1700E71B9F = {
						CreatedOnToolsVersion = 8.2.1;
						DevelopmentTeam = 65NTUZSD37;
						ProvisioningStyle = Automatic;
					};
					3D6A189F1FD39B1700E71B9F = {
						CreatedOnToolsVersion = 8.2.1;
						DevelopmentTeam = 65NTUZSD37;
						ProvisioningStyle = Automatic;
						TestTargetID = 3D6A188B1FD39B1700E71B9F;
					};
					3D6A18AA1FD39B1700E71B9F = {
						CreatedOnToolsVersion = 8.2.1;
						DevelopmentTeam = 65NTUZSD37;
						ProvisioningStyle = Automatic;
						TestTargetID = 3D6A188B1FD39B1700E71B9F;
					};
				};
			};
			buildConfigurationList = 3D6A18871FD39B1700E71B9F /* Build configuration list for PBXProject "EdSocialSC" */;
			compatibilityVersion = "Xcode 3.2";
			developmentRegion = English;
			hasScannedForEncodings = 0;
			knownRegions = (
				en,
				Base,
			);
			mainGroup = 3D6A18831FD39B1700E71B9F;
			productRefGroup = 3D6A188D1FD39B1700E71B9F /* Products */;
			projectDirPath = "";
			projectRoot = "";
			targets = (
				3D6A188B1FD39B1700E71B9F /* EdSocialSC */,
				3D6A189F1FD39B1700E71B9F /* EdSocialSCTests */,
				3D6A18AA1FD39B1700E71B9F /* EdSocialSCUITests */,
			);
		};
/* End PBXProject section */

/* Begin PBXResourcesBuildPhase section */
		3D6A188A1FD39B1700E71B9F /* Resources */ = {
			isa = PBXResourcesBuildPhase;
			buildActionMask = 2147483647;
			files = (
				3D6A189A1FD39B1700E71B9F /* LaunchScreen.storyboard in Resources */,
				3D6A18C31FD633A900E71B9F /* GoogleService-Info.plist in Resources */,
				3D6A18971FD39B1700E71B9F /* Assets.xcassets in Resources */,
				3D6A18951FD39B1700E71B9F /* Main.storyboard in Resources */,
			);
			runOnlyForDeploymentPostprocessing = 0;
		};
		3D6A189E1FD39B1700E71B9F /* Resources */ = {
			isa = PBXResourcesBuildPhase;
			buildActionMask = 2147483647;
			files = (
			);
			runOnlyForDeploymentPostprocessing = 0;
		};
		3D6A18A91FD39B1700E71B9F /* Resources */ = {
			isa = PBXResourcesBuildPhase;
			buildActionMask = 2147483647;
			files = (
			);
			runOnlyForDeploymentPostprocessing = 0;
		};
/* End PBXResourcesBuildPhase section */

/* Begin PBXShellScriptBuildPhase section */
		48ED61D8F19F71A94BBF2332 /* [CP] Copy Pods Resources */ = {
			isa = PBXShellScriptBuildPhase;
			buildActionMask = 2147483647;
			files = (
			);
			inputPaths = (
			);
			name = "[CP] Copy Pods Resources";
			outputPaths = (
			);
			runOnlyForDeploymentPostprocessing = 0;
			shellPath = /bin/sh;
			shellScript = "\"${SRCROOT}/Pods/Target Support Files/Pods-EdSocialSCUITests/Pods-EdSocialSCUITests-resources.sh\"\n";
			showEnvVarsInLog = 0;
		};
		4E604FC98DF9F9703C9FF1ED /* [CP] Embed Pods Frameworks */ = {
			isa = PBXShellScriptBuildPhase;
			buildActionMask = 2147483647;
			files = (
			);
			inputPaths = (
				"${SRCROOT}/Pods/Target Support Files/Pods-EdSocialSC/Pods-EdSocialSC-frameworks.sh",
				"${BUILT_PRODUCTS_DIR}/GTMSessionFetcher/GTMSessionFetcher.framework",
				"${BUILT_PRODUCTS_DIR}/GoogleToolboxForMac/GoogleToolboxForMac.framework",
				"${BUILT_PRODUCTS_DIR}/leveldb-library/leveldb.framework",
				"${BUILT_PRODUCTS_DIR}/nanopb/nanopb.framework",
			);
			name = "[CP] Embed Pods Frameworks";
			outputPaths = (
				"${TARGET_BUILD_DIR}/${FRAMEWORKS_FOLDER_PATH}/GTMSessionFetcher.framework",
				"${TARGET_BUILD_DIR}/${FRAMEWORKS_FOLDER_PATH}/GoogleToolboxForMac.framework",
				"${TARGET_BUILD_DIR}/${FRAMEWORKS_FOLDER_PATH}/leveldb.framework",
				"${TARGET_BUILD_DIR}/${FRAMEWORKS_FOLDER_PATH}/nanopb.framework",
			);
			runOnlyForDeploymentPostprocessing = 0;
			shellPath = /bin/sh;
			shellScript = "\"${SRCROOT}/Pods/Target Support Files/Pods-EdSocialSC/Pods-EdSocialSC-frameworks.sh\"\n";
			showEnvVarsInLog = 0;
		};
		5F748B30A4CB45138E7834B1 /* [CP] Check Pods Manifest.lock */ = {
			isa = PBXShellScriptBuildPhase;
			buildActionMask = 2147483647;
			files = (
			);
			inputPaths = (
				"${PODS_PODFILE_DIR_PATH}/Podfile.lock",
				"${PODS_ROOT}/Manifest.lock",
			);
			name = "[CP] Check Pods Manifest.lock";
			outputPaths = (
				"$(DERIVED_FILE_DIR)/Pods-EdSocialSCTests-checkManifestLockResult.txt",
			);
			runOnlyForDeploymentPostprocessing = 0;
			shellPath = /bin/sh;
			shellScript = "diff \"${PODS_PODFILE_DIR_PATH}/Podfile.lock\" \"${PODS_ROOT}/Manifest.lock\" > /dev/null\nif [ $? != 0 ] ; then\n    # print error to STDERR\n    echo \"error: The sandbox is not in sync with the Podfile.lock. Run 'pod install' or update your CocoaPods installation.\" >&2\n    exit 1\nfi\n# This output is used by Xcode 'outputs' to avoid re-running this script phase.\necho \"SUCCESS\" > \"${SCRIPT_OUTPUT_FILE_0}\"\n";
			showEnvVarsInLog = 0;
		};
		8E240381517C9F028E38E61D /* [CP] Embed Pods Frameworks */ = {
			isa = PBXShellScriptBuildPhase;
			buildActionMask = 2147483647;
			files = (
			);
			inputPaths = (
			);
			name = "[CP] Embed Pods Frameworks";
			outputPaths = (
			);
			runOnlyForDeploymentPostprocessing = 0;
			shellPath = /bin/sh;
			shellScript = "\"${SRCROOT}/Pods/Target Support Files/Pods-EdSocialSCTests/Pods-EdSocialSCTests-frameworks.sh\"\n";
			showEnvVarsInLog = 0;
		};
		9AC2BB9DF309C332CF2B9561 /* [CP] Copy Pods Resources */ = {
			isa = PBXShellScriptBuildPhase;
			buildActionMask = 2147483647;
			files = (
			);
			inputPaths = (
			);
			name = "[CP] Copy Pods Resources";
			outputPaths = (
			);
			runOnlyForDeploymentPostprocessing = 0;
			shellPath = /bin/sh;
			shellScript = "\"${SRCROOT}/Pods/Target Support Files/Pods-EdSocialSC/Pods-EdSocialSC-resources.sh\"\n";
			showEnvVarsInLog = 0;
		};
		ADDDDC3F19E424E7C7FA3EC8 /* [CP] Check Pods Manifest.lock */ = {
			isa = PBXShellScriptBuildPhase;
			buildActionMask = 2147483647;
			files = (
			);
			inputPaths = (
				"${PODS_PODFILE_DIR_PATH}/Podfile.lock",
				"${PODS_ROOT}/Manifest.lock",
			);
			name = "[CP] Check Pods Manifest.lock";
			outputPaths = (
				"$(DERIVED_FILE_DIR)/Pods-EdSocialSC-checkManifestLockResult.txt",
			);
			runOnlyForDeploymentPostprocessing = 0;
			shellPath = /bin/sh;
			shellScript = "diff \"${PODS_PODFILE_DIR_PATH}/Podfile.lock\" \"${PODS_ROOT}/Manifest.lock\" > /dev/null\nif [ $? != 0 ] ; then\n    # print error to STDERR\n    echo \"error: The sandbox is not in sync with the Podfile.lock. Run 'pod install' or update your CocoaPods installation.\" >&2\n    exit 1\nfi\n# This output is used by Xcode 'outputs' to avoid re-running this script phase.\necho \"SUCCESS\" > \"${SCRIPT_OUTPUT_FILE_0}\"\n";
			showEnvVarsInLog = 0;
		};
		B5DF2359873E12A01E7A0D40 /* [CP] Check Pods Manifest.lock */ = {
			isa = PBXShellScriptBuildPhase;
			buildActionMask = 2147483647;
			files = (
			);
			inputPaths = (
				"${PODS_PODFILE_DIR_PATH}/Podfile.lock",
				"${PODS_ROOT}/Manifest.lock",
			);
			name = "[CP] Check Pods Manifest.lock";
			outputPaths = (
				"$(DERIVED_FILE_DIR)/Pods-EdSocialSCUITests-checkManifestLockResult.txt",
			);
			runOnlyForDeploymentPostprocessing = 0;
			shellPath = /bin/sh;
			shellScript = "diff \"${PODS_PODFILE_DIR_PATH}/Podfile.lock\" \"${PODS_ROOT}/Manifest.lock\" > /dev/null\nif [ $? != 0 ] ; then\n    # print error to STDERR\n    echo \"error: The sandbox is not in sync with the Podfile.lock. Run 'pod install' or update your CocoaPods installation.\" >&2\n    exit 1\nfi\n# This output is used by Xcode 'outputs' to avoid re-running this script phase.\necho \"SUCCESS\" > \"${SCRIPT_OUTPUT_FILE_0}\"\n";
			showEnvVarsInLog = 0;
		};
		BE17702354D659030A46CAC8 /* [CP] Copy Pods Resources */ = {
			isa = PBXShellScriptBuildPhase;
			buildActionMask = 2147483647;
			files = (
			);
			inputPaths = (
			);
			name = "[CP] Copy Pods Resources";
			outputPaths = (
			);
			runOnlyForDeploymentPostprocessing = 0;
			shellPath = /bin/sh;
			shellScript = "\"${SRCROOT}/Pods/Target Support Files/Pods-EdSocialSCTests/Pods-EdSocialSCTests-resources.sh\"\n";
			showEnvVarsInLog = 0;
		};
		C865EB5B45B3C99EC2639CBF /* [CP] Embed Pods Frameworks */ = {
			isa = PBXShellScriptBuildPhase;
			buildActionMask = 2147483647;
			files = (
			);
			inputPaths = (
			);
			name = "[CP] Embed Pods Frameworks";
			outputPaths = (
			);
			runOnlyForDeploymentPostprocessing = 0;
			shellPath = /bin/sh;
			shellScript = "\"${SRCROOT}/Pods/Target Support Files/Pods-EdSocialSCUITests/Pods-EdSocialSCUITests-frameworks.sh\"\n";
			showEnvVarsInLog = 0;
		};
/* End PBXShellScriptBuildPhase section */

/* Begin PBXSourcesBuildPhase section */
		3D6A18881FD39B1700E71B9F /* Sources */ = {
			isa = PBXSourcesBuildPhase;
			buildActionMask = 2147483647;
			files = (
				3D6A18921FD39B1700E71B9F /* PostsController.swift in Sources */,
				3D6A18BF1FD4CB6C00E71B9F /* LoginController.swift in Sources */,
				3D8C993A1FE8BBCB00423F12 /* LoginControllers+handlers.swift in Sources */,
				3D539AAA1FF35813006082EB /* Extensions.swift in Sources */,
				3D6A18901FD39B1700E71B9F /* AppDelegate.swift in Sources */,
				3DA492E51FD8FA1A00512AD1 /* EndUser.swift in Sources */,
				3D36716B1FF24D87004B98BB /* Post.swift in Sources */,
				3D4707351FD8D63000DF4373 /* NewPostController.swift in Sources */,
			);
			runOnlyForDeploymentPostprocessing = 0;
		};
		3D6A189C1FD39B1700E71B9F /* Sources */ = {
			isa = PBXSourcesBuildPhase;
			buildActionMask = 2147483647;
			files = (
				3D6A18A51FD39B1700E71B9F /* EdSocialSCTests.swift in Sources */,
			);
			runOnlyForDeploymentPostprocessing = 0;
		};
		3D6A18A71FD39B1700E71B9F /* Sources */ = {
			isa = PBXSourcesBuildPhase;
			buildActionMask = 2147483647;
			files = (
				3D6A18B01FD39B1700E71B9F /* EdSocialSCUITests.swift in Sources */,
			);
			runOnlyForDeploymentPostprocessing = 0;
		};
/* End PBXSourcesBuildPhase section */

/* Begin PBXTargetDependency section */
		3D6A18A21FD39B1700E71B9F /* PBXTargetDependency */ = {
			isa = PBXTargetDependency;
			target = 3D6A188B1FD39B1700E71B9F /* EdSocialSC */;
			targetProxy = 3D6A18A11FD39B1700E71B9F /* PBXContainerItemProxy */;
		};
		3D6A18AD1FD39B1700E71B9F /* PBXTargetDependency */ = {
			isa = PBXTargetDependency;
			target = 3D6A188B1FD39B1700E71B9F /* EdSocialSC */;
			targetProxy = 3D6A18AC1FD39B1700E71B9F /* PBXContainerItemProxy */;
		};
/* End PBXTargetDependency section */

/* Begin PBXVariantGroup section */
		3D6A18931FD39B1700E71B9F /* Main.storyboard */ = {
			isa = PBXVariantGroup;
			children = (
				3D6A18941FD39B1700E71B9F /* Base */,
			);
			name = Main.storyboard;
			sourceTree = "<group>";
		};
		3D6A18981FD39B1700E71B9F /* LaunchScreen.storyboard */ = {
			isa = PBXVariantGroup;
			children = (
				3D6A18991FD39B1700E71B9F /* Base */,
			);
			name = LaunchScreen.storyboard;
			sourceTree = "<group>";
		};
/* End PBXVariantGroup section */

/* Begin XCBuildConfiguration section */
		3D6A18B21FD39B1700E71B9F /* Debug */ = {
			isa = XCBuildConfiguration;
			buildSettings = {
				ALWAYS_SEARCH_USER_PATHS = NO;
				CLANG_ANALYZER_NONNULL = YES;
				CLANG_CXX_LANGUAGE_STANDARD = "gnu++0x";
				CLANG_CXX_LIBRARY = "libc++";
				CLANG_ENABLE_MODULES = YES;
				CLANG_ENABLE_OBJC_ARC = YES;
				CLANG_WARN_BOOL_CONVERSION = YES;
				CLANG_WARN_CONSTANT_CONVERSION = YES;
				CLANG_WARN_DIRECT_OBJC_ISA_USAGE = YES_ERROR;
				CLANG_WARN_DOCUMENTATION_COMMENTS = YES;
				CLANG_WARN_EMPTY_BODY = YES;
				CLANG_WARN_ENUM_CONVERSION = YES;
				CLANG_WARN_INFINITE_RECURSION = YES;
				CLANG_WARN_INT_CONVERSION = YES;
				CLANG_WARN_OBJC_ROOT_CLASS = YES_ERROR;
				CLANG_WARN_SUSPICIOUS_MOVE = YES;
				CLANG_WARN_UNREACHABLE_CODE = YES;
				CLANG_WARN__DUPLICATE_METHOD_MATCH = YES;
				"CODE_SIGN_IDENTITY[sdk=iphoneos*]" = "iPhone Developer";
				COPY_PHASE_STRIP = NO;
				DEBUG_INFORMATION_FORMAT = dwarf;
				ENABLE_STRICT_OBJC_MSGSEND = YES;
				ENABLE_TESTABILITY = YES;
				GCC_C_LANGUAGE_STANDARD = gnu99;
				GCC_DYNAMIC_NO_PIC = NO;
				GCC_NO_COMMON_BLOCKS = YES;
				GCC_OPTIMIZATION_LEVEL = 0;
				GCC_PREPROCESSOR_DEFINITIONS = (
					"DEBUG=1",
					"$(inherited)",
				);
				GCC_WARN_64_TO_32_BIT_CONVERSION = YES;
				GCC_WARN_ABOUT_RETURN_TYPE = YES_ERROR;
				GCC_WARN_UNDECLARED_SELECTOR = YES;
				GCC_WARN_UNINITIALIZED_AUTOS = YES_AGGRESSIVE;
				GCC_WARN_UNUSED_FUNCTION = YES;
				GCC_WARN_UNUSED_VARIABLE = YES;
				IPHONEOS_DEPLOYMENT_TARGET = 10.2;
				MTL_ENABLE_DEBUG_INFO = YES;
				ONLY_ACTIVE_ARCH = YES;
				SDKROOT = iphoneos;
				SWIFT_ACTIVE_COMPILATION_CONDITIONS = DEBUG;
				SWIFT_OPTIMIZATION_LEVEL = "-Onone";
				TARGETED_DEVICE_FAMILY = "1,2";
			};
			name = Debug;
		};
		3D6A18B31FD39B1700E71B9F /* Release */ = {
			isa = XCBuildConfiguration;
			buildSettings = {
				ALWAYS_SEARCH_USER_PATHS = NO;
				CLANG_ANALYZER_NONNULL = YES;
				CLANG_CXX_LANGUAGE_STANDARD = "gnu++0x";
				CLANG_CXX_LIBRARY = "libc++";
				CLANG_ENABLE_MODULES = YES;
				CLANG_ENABLE_OBJC_ARC = YES;
				CLANG_WARN_BOOL_CONVERSION = YES;
				CLANG_WARN_CONSTANT_CONVERSION = YES;
				CLANG_WARN_DIRECT_OBJC_ISA_USAGE = YES_ERROR;
				CLANG_WARN_DOCUMENTATION_COMMENTS = YES;
				CLANG_WARN_EMPTY_BODY = YES;
				CLANG_WARN_ENUM_CONVERSION = YES;
				CLANG_WARN_INFINITE_RECURSION = YES;
				CLANG_WARN_INT_CONVERSION = YES;
				CLANG_WARN_OBJC_ROOT_CLASS = YES_ERROR;
				CLANG_WARN_SUSPICIOUS_MOVE = YES;
				CLANG_WARN_UNREACHABLE_CODE = YES;
				CLANG_WARN__DUPLICATE_METHOD_MATCH = YES;
				"CODE_SIGN_IDENTITY[sdk=iphoneos*]" = "iPhone Developer";
				COPY_PHASE_STRIP = NO;
				DEBUG_INFORMATION_FORMAT = "dwarf-with-dsym";
				ENABLE_NS_ASSERTIONS = NO;
				ENABLE_STRICT_OBJC_MSGSEND = YES;
				GCC_C_LANGUAGE_STANDARD = gnu99;
				GCC_NO_COMMON_BLOCKS = YES;
				GCC_WARN_64_TO_32_BIT_CONVERSION = YES;
				GCC_WARN_ABOUT_RETURN_TYPE = YES_ERROR;
				GCC_WARN_UNDECLARED_SELECTOR = YES;
				GCC_WARN_UNINITIALIZED_AUTOS = YES_AGGRESSIVE;
				GCC_WARN_UNUSED_FUNCTION = YES;
				GCC_WARN_UNUSED_VARIABLE = YES;
				IPHONEOS_DEPLOYMENT_TARGET = 10.2;
				MTL_ENABLE_DEBUG_INFO = NO;
				SDKROOT = iphoneos;
				SWIFT_OPTIMIZATION_LEVEL = "-Owholemodule";
				TARGETED_DEVICE_FAMILY = "1,2";
				VALIDATE_PRODUCT = YES;
			};
			name = Release;
		};
		3D6A18B51FD39B1700E71B9F /* Debug */ = {
			isa = XCBuildConfiguration;
			baseConfigurationReference = BCA56602255DA3C9C237DB94 /* Pods-EdSocialSC.debug.xcconfig */;
			buildSettings = {
				ASSETCATALOG_COMPILER_APPICON_NAME = AppIcon;
				DEVELOPMENT_TEAM = 65NTUZSD37;
				INFOPLIST_FILE = EdSocialSC/Info.plist;
				LD_RUNPATH_SEARCH_PATHS = "$(inherited) @executable_path/Frameworks";
				PRODUCT_BUNDLE_IDENTIFIER = com.setclockpm.EdSocialSC;
				PRODUCT_NAME = "$(TARGET_NAME)";
				SWIFT_VERSION = 3.0;
			};
			name = Debug;
		};
		3D6A18B61FD39B1700E71B9F /* Release */ = {
			isa = XCBuildConfiguration;
			baseConfigurationReference = 3FE184D27CEADDF0353FC136 /* Pods-EdSocialSC.release.xcconfig */;
			buildSettings = {
				ASSETCATALOG_COMPILER_APPICON_NAME = AppIcon;
				DEVELOPMENT_TEAM = 65NTUZSD37;
				INFOPLIST_FILE = EdSocialSC/Info.plist;
				LD_RUNPATH_SEARCH_PATHS = "$(inherited) @executable_path/Frameworks";
				PRODUCT_BUNDLE_IDENTIFIER = com.setclockpm.EdSocialSC;
				PRODUCT_NAME = "$(TARGET_NAME)";
				SWIFT_VERSION = 3.0;
			};
			name = Release;
		};
		3D6A18B81FD39B1700E71B9F /* Debug */ = {
			isa = XCBuildConfiguration;
			baseConfigurationReference = BEC2F1DA8D4E4B9D9D3652A2 /* Pods-EdSocialSCTests.debug.xcconfig */;
			buildSettings = {
				ALWAYS_EMBED_SWIFT_STANDARD_LIBRARIES = YES;
				BUNDLE_LOADER = "$(TEST_HOST)";
				DEVELOPMENT_TEAM = 65NTUZSD37;
				INFOPLIST_FILE = EdSocialSCTests/Info.plist;
				LD_RUNPATH_SEARCH_PATHS = "$(inherited) @executable_path/Frameworks @loader_path/Frameworks";
				PRODUCT_BUNDLE_IDENTIFIER = com.setclockpm.EdSocialSCTests;
				PRODUCT_NAME = "$(TARGET_NAME)";
				SWIFT_VERSION = 3.0;
				TEST_HOST = "$(BUILT_PRODUCTS_DIR)/EdSocialSC.app/EdSocialSC";
			};
			name = Debug;
		};
		3D6A18B91FD39B1700E71B9F /* Release */ = {
			isa = XCBuildConfiguration;
			baseConfigurationReference = 7E0DBD739311505D6B96FFC7 /* Pods-EdSocialSCTests.release.xcconfig */;
			buildSettings = {
				ALWAYS_EMBED_SWIFT_STANDARD_LIBRARIES = YES;
				BUNDLE_LOADER = "$(TEST_HOST)";
				DEVELOPMENT_TEAM = 65NTUZSD37;
				INFOPLIST_FILE = EdSocialSCTests/Info.plist;
				LD_RUNPATH_SEARCH_PATHS = "$(inherited) @executable_path/Frameworks @loader_path/Frameworks";
				PRODUCT_BUNDLE_IDENTIFIER = com.setclockpm.EdSocialSCTests;
				PRODUCT_NAME = "$(TARGET_NAME)";
				SWIFT_VERSION = 3.0;
				TEST_HOST = "$(BUILT_PRODUCTS_DIR)/EdSocialSC.app/EdSocialSC";
			};
			name = Release;
		};
		3D6A18BB1FD39B1700E71B9F /* Debug */ = {
			isa = XCBuildConfiguration;
			baseConfigurationReference = 37BDA71393265050FFB6CCAA /* Pods-EdSocialSCUITests.debug.xcconfig */;
			buildSettings = {
				ALWAYS_EMBED_SWIFT_STANDARD_LIBRARIES = YES;
				DEVELOPMENT_TEAM = 65NTUZSD37;
				INFOPLIST_FILE = EdSocialSCUITests/Info.plist;
				LD_RUNPATH_SEARCH_PATHS = "$(inherited) @executable_path/Frameworks @loader_path/Frameworks";
				PRODUCT_BUNDLE_IDENTIFIER = com.setclockpm.EdSocialSCUITests;
				PRODUCT_NAME = "$(TARGET_NAME)";
				SWIFT_VERSION = 3.0;
				TEST_TARGET_NAME = EdSocialSC;
			};
			name = Debug;
		};
		3D6A18BC1FD39B1700E71B9F /* Release */ = {
			isa = XCBuildConfiguration;
			baseConfigurationReference = 02A4F69A829119C3AB592D26 /* Pods-EdSocialSCUITests.release.xcconfig */;
			buildSettings = {
				ALWAYS_EMBED_SWIFT_STANDARD_LIBRARIES = YES;
				DEVELOPMENT_TEAM = 65NTUZSD37;
				INFOPLIST_FILE = EdSocialSCUITests/Info.plist;
				LD_RUNPATH_SEARCH_PATHS = "$(inherited) @executable_path/Frameworks @loader_path/Frameworks";
				PRODUCT_BUNDLE_IDENTIFIER = com.setclockpm.EdSocialSCUITests;
				PRODUCT_NAME = "$(TARGET_NAME)";
				SWIFT_VERSION = 3.0;
				TEST_TARGET_NAME = EdSocialSC;
			};
			name = Release;
		};
/* End XCBuildConfiguration section */

/* Begin XCConfigurationList section */
		3D6A18871FD39B1700E71B9F /* Build configuration list for PBXProject "EdSocialSC" */ = {
			isa = XCConfigurationList;
			buildConfigurations = (
				3D6A18B21FD39B1700E71B9F /* Debug */,
				3D6A18B31FD39B1700E71B9F /* Release */,
			);
			defaultConfigurationIsVisible = 0;
			defaultConfigurationName = Release;
		};
		3D6A18B41FD39B1700E71B9F /* Build configuration list for PBXNativeTarget "EdSocialSC" */ = {
			isa = XCConfigurationList;
			buildConfigurations = (
				3D6A18B51FD39B1700E71B9F /* Debug */,
				3D6A18B61FD39B1700E71B9F /* Release */,
			);
			defaultConfigurationIsVisible = 0;
			defaultConfigurationName = Release;
		};
		3D6A18B71FD39B1700E71B9F /* Build configuration list for PBXNativeTarget "EdSocialSCTests" */ = {
			isa = XCConfigurationList;
			buildConfigurations = (
				3D6A18B81FD39B1700E71B9F /* Debug */,
				3D6A18B91FD39B1700E71B9F /* Release */,
			);
			defaultConfigurationIsVisible = 0;
			defaultConfigurationName = Release;
		};
		3D6A18BA1FD39B1700E71B9F /* Build configuration list for PBXNativeTarget "EdSocialSCUITests" */ = {
			isa = XCConfigurationList;
			buildConfigurations = (
				3D6A18BB1FD39B1700E71B9F /* Debug */,
				3D6A18BC1FD39B1700E71B9F /* Release */,
			);
			defaultConfigurationIsVisible = 0;
			defaultConfigurationName = Release;
		};
/* End XCConfigurationList section */
	};
	rootObject = 3D6A18841FD39B1700E71B9F /* Project object */;
}
